
Microsoft Visual Studio Solution File, Format Version 12.00
# Visual Studio Version 16
VisualStudioVersion = 16.0.32407.337
MinimumVisualStudioVersion = 10.0.40219.1
Project("{FAE04EC0-301F-11D3-BF4B-00C04F79EFBC}") = "Odd or even", "Odd or even\Odd or even.csproj", "{3D6A3025-9EA1-46D8-898E-A881237C6EB7}"
EndProject
Global
	GlobalSection(SolutionConfigurationPlatforms) = preSolution
		Debug|Any CPU = Debug|Any CPU
		Release|Any CPU = Release|Any CPU
	EndGlobalSection
	GlobalSection(ProjectConfigurationPlatforms) = postSolution
		{3D6A3025-9EA1-46D8-898E-A881237C6EB7}.Debug|Any CPU.ActiveCfg = Debug|Any CPU
		{3D6A3025-9EA1-46D8-898E-A881237C6EB7}.Debug|Any CPU.Build.0 = Debug|Any CPU
		{3D6A3025-9EA1-46D8-898E-A881237C6EB7}.Release|Any CPU.ActiveCfg = Release|Any CPU
		{3D6A3025-9EA1-46D8-898E-A881237C6EB7}.Release|Any CPU.Build.0 = Release|Any CPU
	EndGlobalSection
	GlobalSection(SolutionProperties) = preSolution
		HideSolutionNode = FALSE
	EndGlobalSection
	GlobalSection(ExtensibilityGlobals) = postSolution
		SolutionGuid = {F6E448FD-8387-43C3-BFEB-53321AA224A0}
	EndGlobalSection
EndGlobal
