
Microsoft Visual Studio Solution File, Format Version 12.00
# Visual Studio Version 16
VisualStudioVersion = 16.0.32407.337
MinimumVisualStudioVersion = 10.0.40219.1
Project("{FAE04EC0-301F-11D3-BF4B-00C04F79EFBC}") = "Array3", "Array3\Array3.csproj", "{6BC7CCE4-4BBD-4E76-A461-6BAE3FE89027}"
EndProject
Global
	GlobalSection(SolutionConfigurationPlatforms) = preSolution
		Debug|Any CPU = Debug|Any CPU
		Release|Any CPU = Release|Any CPU
	EndGlobalSection
	GlobalSection(ProjectConfigurationPlatforms) = postSolution
		{6BC7CCE4-4BBD-4E76-A461-6BAE3FE89027}.Debug|Any CPU.ActiveCfg = Debug|Any CPU
		{6BC7CCE4-4BBD-4E76-A461-6BAE3FE89027}.Debug|Any CPU.Build.0 = Debug|Any CPU
		{6BC7CCE4-4BBD-4E76-A461-6BAE3FE89027}.Release|Any CPU.ActiveCfg = Release|Any CPU
		{6BC7CCE4-4BBD-4E76-A461-6BAE3FE89027}.Release|Any CPU.Build.0 = Release|Any CPU
	EndGlobalSection
	GlobalSection(SolutionProperties) = preSolution
		HideSolutionNode = FALSE
	EndGlobalSection
	GlobalSection(ExtensibilityGlobals) = postSolution
		SolutionGuid = {CAD2BA4D-3CC8-461F-8988-F4A223407DD6}
	EndGlobalSection
EndGlobal
